
Microsoft Visual Studio Solution File, Format Version 12.00
# Visual Studio Version 17
VisualStudioVersion = 17.7.34009.444
MinimumVisualStudioVersion = 10.0.40219.1
Project("{FAE04EC0-301F-11D3-BF4B-00C04F79EFBC}") = "Programm black list (denied apps)", "Programm black list (denied apps).csproj", "{FBE3E54E-56CB-44F6-B1BC-F564E4661D00}"
EndProject
Global
	GlobalSection(SolutionConfigurationPlatforms) = preSolution
		Debug|Any CPU = Debug|Any CPU
		Release|Any CPU = Release|Any CPU
	EndGlobalSection
	GlobalSection(ProjectConfigurationPlatforms) = postSolution
		{FBE3E54E-56CB-44F6-B1BC-F564E4661D00}.Debug|Any CPU.ActiveCfg = Debug|Any CPU
		{FBE3E54E-56CB-44F6-B1BC-F564E4661D00}.Debug|Any CPU.Build.0 = Debug|Any CPU
		{FBE3E54E-56CB-44F6-B1BC-F564E4661D00}.Release|Any CPU.ActiveCfg = Release|Any CPU
		{FBE3E54E-56CB-44F6-B1BC-F564E4661D00}.Release|Any CPU.Build.0 = Release|Any CPU
	EndGlobalSection
	GlobalSection(SolutionProperties) = preSolution
		HideSolutionNode = FALSE
	EndGlobalSection
	GlobalSection(ExtensibilityGlobals) = postSolution
		SolutionGuid = {74A9BF88-C1DD-4A6F-BD09-82F82511583B}
	EndGlobalSection
EndGlobal
